
Microsoft Visual Studio Solution File, Format Version 12.00
# Visual Studio Version 17
VisualStudioVersion = 17.5.2.0
MinimumVisualStudioVersion = 10.0.40219.1
Project("{FAE04EC0-301F-11D3-BF4B-00C04F79EFBC}") = "AiProxy", "AiProxy.csproj", "{CDFD9EB2-BE88-9970-A1D3-93F98CF7FED7}"
EndProject
Project("{2150E333-8FDC-42A3-9474-1A3956D46DE8}") = "tests", "tests", "{0AB3BF05-4346-4AA6-1389-037BE0695223}"
EndProject
Project("{FAE04EC0-301F-11D3-BF4B-00C04F79EFBC}") = "AiProxy.Tests", "tests\AiProxy.Tests\AiProxy.Tests.csproj", "{5D4970DD-E8E6-452E-8F62-B48B457E4433}"
EndProject
Global
	GlobalSection(SolutionConfigurationPlatforms) = preSolution
		Debug|Any CPU = Debug|Any CPU
		Debug|x64 = Debug|x64
		Debug|x86 = Debug|x86
		Release|Any CPU = Release|Any CPU
		Release|x64 = Release|x64
		Release|x86 = Release|x86
	EndGlobalSection
	GlobalSection(ProjectConfigurationPlatforms) = postSolution
		{CDFD9EB2-BE88-9970-A1D3-93F98CF7FED7}.Debug|Any CPU.ActiveCfg = Debug|Any CPU
		{CDFD9EB2-BE88-9970-A1D3-93F98CF7FED7}.Debug|Any CPU.Build.0 = Debug|Any CPU
		{CDFD9EB2-BE88-9970-A1D3-93F98CF7FED7}.Debug|x64.ActiveCfg = Debug|Any CPU
		{CDFD9EB2-BE88-9970-A1D3-93F98CF7FED7}.Debug|x64.Build.0 = Debug|Any CPU
		{CDFD9EB2-BE88-9970-A1D3-93F98CF7FED7}.Debug|x86.ActiveCfg = Debug|Any CPU
		{CDFD9EB2-BE88-9970-A1D3-93F98CF7FED7}.Debug|x86.Build.0 = Debug|Any CPU
		{CDFD9EB2-BE88-9970-A1D3-93F98CF7FED7}.Release|Any CPU.ActiveCfg = Release|Any CPU
		{CDFD9EB2-BE88-9970-A1D3-93F98CF7FED7}.Release|Any CPU.Build.0 = Release|Any CPU
		{CDFD9EB2-BE88-9970-A1D3-93F98CF7FED7}.Release|x64.ActiveCfg = Release|Any CPU
		{CDFD9EB2-BE88-9970-A1D3-93F98CF7FED7}.Release|x64.Build.0 = Release|Any CPU
		{CDFD9EB2-BE88-9970-A1D3-93F98CF7FED7}.Release|x86.ActiveCfg = Release|Any CPU
		{CDFD9EB2-BE88-9970-A1D3-93F98CF7FED7}.Release|x86.Build.0 = Release|Any CPU
		{5D4970DD-E8E6-452E-8F62-B48B457E4433}.Debug|Any CPU.ActiveCfg = Debug|Any CPU
		{5D4970DD-E8E6-452E-8F62-B48B457E4433}.Debug|Any CPU.Build.0 = Debug|Any CPU
		{5D4970DD-E8E6-452E-8F62-B48B457E4433}.Debug|x64.ActiveCfg = Debug|Any CPU
		{5D4970DD-E8E6-452E-8F62-B48B457E4433}.Debug|x64.Build.0 = Debug|Any CPU
		{5D4970DD-E8E6-452E-8F62-B48B457E4433}.Debug|x86.ActiveCfg = Debug|Any CPU
		{5D4970DD-E8E6-452E-8F62-B48B457E4433}.Debug|x86.Build.0 = Debug|Any CPU
		{5D4970DD-E8E6-452E-8F62-B48B457E4433}.Release|Any CPU.ActiveCfg = Release|Any CPU
		{5D4970DD-E8E6-452E-8F62-B48B457E4433}.Release|Any CPU.Build.0 = Release|Any CPU
		{5D4970DD-E8E6-452E-8F62-B48B457E4433}.Release|x64.ActiveCfg = Release|Any CPU
		{5D4970DD-E8E6-452E-8F62-B48B457E4433}.Release|x64.Build.0 = Release|Any CPU
		{5D4970DD-E8E6-452E-8F62-B48B457E4433}.Release|x86.ActiveCfg = Release|Any CPU
		{5D4970DD-E8E6-452E-8F62-B48B457E4433}.Release|x86.Build.0 = Release|Any CPU
	EndGlobalSection
	GlobalSection(SolutionProperties) = preSolution
		HideSolutionNode = FALSE
	EndGlobalSection
	GlobalSection(NestedProjects) = preSolution
		{5D4970DD-E8E6-452E-8F62-B48B457E4433} = {0AB3BF05-4346-4AA6-1389-037BE0695223}
	EndGlobalSection
	GlobalSection(ExtensibilityGlobals) = postSolution
		SolutionGuid = {CDBA3B6F-3554-4623-B03B-5A68994C696E}
	EndGlobalSection
EndGlobal
